lockfileVersion: 5.3

specifiers:
  '@types/better-sqlite3': ^7.4.0
  '@types/node': ^16.7.2
  better-sqlite3: ^7.4.3
  ts-node: ^10.2.1

dependencies:
  '@types/better-sqlite3': registry.nlark.com/@types/better-sqlite3/7.4.0
  '@types/node': registry.nlark.com/@types/node/16.7.2
  better-sqlite3: registry.nlark.com/better-sqlite3/7.4.3
  ts-node: registry.nlark.com/ts-node/10.2.1_@types+node@16.7.2

packages:

  /ansi-regex/2.1.1:
    resolution: {integrity: sha1-w7M6te42DYbg5ijwRorn7yfWVN8=, tarball: ansi-regex/download/ansi-regex-2.1.1.tgz}
    engines: {node: '>=0.10.0'}
    dev: false

  /aproba/1.2.0:
    resolution: {integrity: sha1-aALmJk79GMeQobDVF/DyYnvyyUo=, tarball: aproba/download/aproba-1.2.0.tgz}
    dev: false

  /are-we-there-yet/1.1.5:
    resolution: {integrity: sha1-SzXClE8GKov82mZBB2A1D+nd/CE=, tarball: are-we-there-yet/download/are-we-there-yet-1.1.5.tgz}
    dependencies:
      delegates: 1.0.0
      readable-stream: 2.3.7
    dev: false

  /base64-js/1.5.1:
    resolution: {integrity: sha1-GxtEAWClv3rUC2UPCVljSBkDkwo=, tarball: base64-js/download/base64-js-1.5.1.tgz}
    dev: false

  /bindings/1.5.0:
    resolution: {integrity: sha1-EDU8npRTNLwFEabZCzj7x8nFBN8=, tarball: bindings/download/bindings-1.5.0.tgz}
    dependencies:
      file-uri-to-path: 1.0.0
    dev: false

  /bl/4.1.0:
    resolution: {integrity: sha1-RRU1JkGCvsL7vIOmKrmM8R2fezo=, tarball: bl/download/bl-4.1.0.tgz}
    dependencies:
      buffer: 5.7.1
      inherits: 2.0.4
      readable-stream: 3.6.0
    dev: false

  /buffer/5.7.1:
    resolution: {integrity: sha1-umLnwTEzBTWCGXFghRqPZI6Z7tA=, tarball: buffer/download/buffer-5.7.1.tgz}
    dependencies:
      base64-js: 1.5.1
      ieee754: 1.2.1
    dev: false

  /chownr/1.1.4:
    resolution: {integrity: sha1-b8nXtC0ypYNZYzdmbn0ICE2izGs=, tarball: chownr/download/chownr-1.1.4.tgz}
    dev: false

  /chownr/2.0.0:
    resolution: {integrity: sha1-Fb++U9LqtM9w8YqM1o6+Wzyx3s4=, tarball: chownr/download/chownr-2.0.0.tgz}
    engines: {node: '>=10'}
    dev: false

  /code-point-at/1.1.0:
    resolution: {integrity: sha1-DQcLTQQ6W+ozovGkDi7bPZpMz3c=, tarball: code-point-at/download/code-point-at-1.1.0.tgz}
    engines: {node: '>=0.10.0'}
    dev: false

  /console-control-strings/1.1.0:
    resolution: {integrity: sha1-PXz0Rk22RG6mRL9LOVB/mFEAjo4=, tarball: console-control-strings/download/console-control-strings-1.1.0.tgz}
    dev: false

  /core-util-is/1.0.2:
    resolution: {integrity: sha1-tf1UIgqivFq1eqtxQMlAdUUDwac=, tarball: core-util-is/download/core-util-is-1.0.2.tgz}
    dev: false

  /create-require/1.1.1:
    resolution: {integrity: sha1-wdfo8eX2z8n/ZfnNNS03NIdWwzM=, tarball: create-require/download/create-require-1.1.1.tgz}
    dev: false

  /decompress-response/4.2.1:
    resolution: {integrity: sha1-QUAjzHowLaJc4uyC0NUjjMr9iYY=, tarball: decompress-response/download/decompress-response-4.2.1.tgz}
    engines: {node: '>=8'}
    dependencies:
      mimic-response: registry.nlark.com/mimic-response/2.1.0
    dev: false

  /deep-extend/0.6.0:
    resolution: {integrity: sha1-xPp8lUBKF6nD6Mp+FTcxK3NjMKw=, tarball: deep-extend/download/deep-extend-0.6.0.tgz}
    engines: {node: '>=4.0.0'}
    dev: false

  /delegates/1.0.0:
    resolution: {integrity: sha1-hMbhWbgZBP3KWaDvRM2HDTElD5o=, tarball: delegates/download/delegates-1.0.0.tgz}
    dev: false

  /detect-libc/1.0.3:
    resolution: {integrity: sha1-+hN8S9aY7fVc1c0CrFWfkaTEups=, tarball: detect-libc/download/detect-libc-1.0.3.tgz}
    engines: {node: '>=0.10'}
    hasBin: true
    dev: false

  /diff/4.0.2:
    resolution: {integrity: sha1-YPOuy4nV+uUgwRqhnvwruYKq3n0=, tarball: diff/download/diff-4.0.2.tgz?cache=0&sync_timestamp=1604902500697&other_urls=https%3A%2F%2Fregistry.npm.taobao.org%2Fdiff%2Fdownload%2Fdiff-4.0.2.tgz}
    engines: {node: '>=0.3.1'}
    dev: false

  /end-of-stream/1.4.4:
    resolution: {integrity: sha1-WuZKX0UFe682JuwU2gyl5LJDHrA=, tarball: end-of-stream/download/end-of-stream-1.4.4.tgz}
    dependencies:
      once: 1.4.0
    dev: false

  /expand-template/2.0.3:
    resolution: {integrity: sha1-bhSz/O4POmNA7LV9LokYaSBSpHw=, tarball: expand-template/download/expand-template-2.0.3.tgz}
    engines: {node: '>=6'}
    dev: false

  /file-uri-to-path/1.0.0:
    resolution: {integrity: sha1-VTp7hEb/b2hDWcRF8eN6BdrMM90=, tarball: file-uri-to-path/download/file-uri-to-path-1.0.0.tgz}
    dev: false

  /fs-constants/1.0.0:
    resolution: {integrity: sha1-a+Dem+mYzhavivwkSXue6bfM2a0=, tarball: fs-constants/download/fs-constants-1.0.0.tgz}
    dev: false

  /fs-minipass/2.1.0:
    resolution: {integrity: sha1-f1A2/b8SxjwWkZDL5BmchSJx+fs=, tarball: fs-minipass/download/fs-minipass-2.1.0.tgz}
    engines: {node: '>= 8'}
    dependencies:
      minipass: 3.1.3
    dev: false

  /github-from-package/0.0.0:
    resolution: {integrity: sha1-l/tdlr/eiXMxPyDoKI75oWf6ZM4=, tarball: github-from-package/download/github-from-package-0.0.0.tgz}
    dev: false

  /has-unicode/2.0.1:
    resolution: {integrity: sha1-4Ob+aijPUROIVeCG0Wkedx3iqLk=, tarball: has-unicode/download/has-unicode-2.0.1.tgz}
    dev: false

  /ieee754/1.2.1:
    resolution: {integrity: sha1-jrehCmP/8l0VpXsAFYbRd9Gw01I=, tarball: ieee754/download/ieee754-1.2.1.tgz}
    dev: false

  /inherits/2.0.4:
    resolution: {integrity: sha1-D6LGT5MpF8NDOg3tVTY6rjdBa3w=, tarball: inherits/download/inherits-2.0.4.tgz}
    dev: false

  /ini/1.3.8:
    resolution: {integrity: sha1-op2kJbSIBvNHZ6Tvzjlyaa8oQyw=, tarball: ini/download/ini-1.3.8.tgz}
    dev: false

  /is-fullwidth-code-point/1.0.0:
    resolution: {integrity: sha1-754xOG8DGn8NZDr4L95QxFfvAMs=, tarball: is-fullwidth-code-point/download/is-fullwidth-code-point-1.0.0.tgz}
    engines: {node: '>=0.10.0'}
    dependencies:
      number-is-nan: 1.0.1
    dev: false

  /isarray/1.0.0:
    resolution: {integrity: sha1-u5NdSFgsuhaMBoNJV6VKPgcSTxE=, tarball: isarray/download/isarray-1.0.0.tgz}
    dev: false

  /make-error/1.3.6:
    resolution: {integrity: sha1-LrLjfqm2fEiR9oShOUeZr0hM96I=, tarball: make-error/download/make-error-1.3.6.tgz}
    dev: false

  /minimist/1.2.5:
    resolution: {integrity: sha1-Z9ZgFLZqaoqqDAg8X9WN9OTpdgI=, tarball: minimist/download/minimist-1.2.5.tgz}
    dev: false

  /minipass/3.1.3:
    resolution: {integrity: sha1-fUL/HzljVILhX5zbUxhN7r1YFf0=, tarball: minipass/download/minipass-3.1.3.tgz}
    engines: {node: '>=8'}
    dependencies:
      yallist: 4.0.0
    dev: false

  /minizlib/2.1.2:
    resolution: {integrity: sha1-6Q00Zrogm5MkUVCKEc49NjIUWTE=, tarball: minizlib/download/minizlib-2.1.2.tgz}
    engines: {node: '>= 8'}
    dependencies:
      minipass: 3.1.3
      yallist: 4.0.0
    dev: false

  /mkdirp-classic/0.5.3:
    resolution: {integrity: sha1-+hDJEVzG2IZb4iG6R+6b7XhgERM=, tarball: mkdirp-classic/download/mkdirp-classic-0.5.3.tgz}
    dev: false

  /mkdirp/1.0.4:
    resolution: {integrity: sha1-PrXtYmInVteaXw4qIh3+utdcL34=, tarball: mkdirp/download/mkdirp-1.0.4.tgz}
    engines: {node: '>=10'}
    hasBin: true
    dev: false

  /napi-build-utils/1.0.2:
    resolution: {integrity: sha1-sf3cCyxG44Cgt6dvmE3UfEGhOAY=, tarball: napi-build-utils/download/napi-build-utils-1.0.2.tgz}
    dev: false

  /number-is-nan/1.0.1:
    resolution: {integrity: sha1-CXtgK1NCKlIsGvuHkDGDNpQaAR0=, tarball: number-is-nan/download/number-is-nan-1.0.1.tgz?cache=0&sync_timestamp=1617780236418&other_urls=https%3A%2F%2Fregistry.npm.taobao.org%2Fnumber-is-nan%2Fdownload%2Fnumber-is-nan-1.0.1.tgz}
    engines: {node: '>=0.10.0'}
    dev: false

  /object-assign/4.1.1:
    resolution: {integrity: sha1-IQmtx5ZYh8/AXLvUQsrIv7s2CGM=, tarball: object-assign/download/object-assign-4.1.1.tgz}
    engines: {node: '>=0.10.0'}
    dev: false

  /once/1.4.0:
    resolution: {integrity: sha1-WDsap3WWHUsROsF9nFC6753Xa9E=, tarball: once/download/once-1.4.0.tgz}
    dependencies:
      wrappy: registry.nlark.com/wrappy/1.0.2
    dev: false

  /process-nextick-args/2.0.1:
    resolution: {integrity: sha1-eCDZsWEgzFXKmud5JoCufbptf+I=, tarball: process-nextick-args/download/process-nextick-args-2.0.1.tgz}
    dev: false

  /pump/3.0.0:
    resolution: {integrity: sha1-tKIRaBW94vTh6mAjVOjHVWUQemQ=, tarball: pump/download/pump-3.0.0.tgz}
    dependencies:
      end-of-stream: 1.4.4
      once: 1.4.0
    dev: false

  /rc/1.2.8:
    resolution: {integrity: sha1-zZJL9SAKB1uDwYjNa54hG3/A0+0=, tarball: rc/download/rc-1.2.8.tgz}
    hasBin: true
    dependencies:
      deep-extend: 0.6.0
      ini: 1.3.8
      minimist: 1.2.5
      strip-json-comments: registry.nlark.com/strip-json-comments/2.0.1
    dev: false

  /readable-stream/2.3.7:
    resolution: {integrity: sha1-Hsoc9xGu+BTAT2IlKjamL2yyO1c=, tarball: readable-stream/download/readable-stream-2.3.7.tgz}
    dependencies:
      core-util-is: 1.0.2
      inherits: 2.0.4
      isarray: 1.0.0
      process-nextick-args: 2.0.1
      safe-buffer: 5.1.2
      string_decoder: 1.1.1
      util-deprecate: 1.0.2
    dev: false

  /readable-stream/3.6.0:
    resolution: {integrity: sha1-M3u9o63AcGvT4CRCaihtS0sskZg=, tarball: readable-stream/download/readable-stream-3.6.0.tgz}
    engines: {node: '>= 6'}
    dependencies:
      inherits: 2.0.4
      string_decoder: 1.3.0
      util-deprecate: 1.0.2
    dev: false

  /safe-buffer/5.1.2:
    resolution: {integrity: sha1-mR7GnSluAxN0fVm9/St0XDX4go0=, tarball: safe-buffer/download/safe-buffer-5.1.2.tgz}
    dev: false

  /safe-buffer/5.2.1:
    resolution: {integrity: sha1-Hq+fqb2x/dTsdfWPnNtOa3gn7sY=, tarball: safe-buffer/download/safe-buffer-5.2.1.tgz}
    dev: false

  /semver/5.7.1:
    resolution: {integrity: sha1-qVT5Ma66UI0we78Gnv8MAclhFvc=, tarball: semver/download/semver-5.7.1.tgz?cache=0&other_urls=https%3A%2F%2Fregistry.npm.taobao.org%2Fsemver%2Fdownload%2Fsemver-5.7.1.tgz}
    hasBin: true
    dev: false

  /set-blocking/2.0.0:
    resolution: {integrity: sha1-BF+XgtARrppoA93TgrJDkrPYkPc=, tarball: set-blocking/download/set-blocking-2.0.0.tgz}
    dev: false

  /signal-exit/3.0.3:
    resolution: {integrity: sha1-oUEMLt2PB3sItOJTyOrPyvBXRhw=, tarball: signal-exit/download/signal-exit-3.0.3.tgz}
    dev: false

  /simple-concat/1.0.1:
    resolution: {integrity: sha1-9Gl2CCujXCJj8cirXt/ibEHJVS8=, tarball: simple-concat/download/simple-concat-1.0.1.tgz}
    dev: false

  /simple-get/3.1.0:
    resolution: {integrity: sha1-tFvgYkNeUNFZVAtXYgLO7EC5xrM=, tarball: simple-get/download/simple-get-3.1.0.tgz}
    dependencies:
      decompress-response: 4.2.1
      once: 1.4.0
      simple-concat: 1.0.1
    dev: false

  /string-width/1.0.2:
    resolution: {integrity: sha1-EYvfW4zcUaKn5w0hHgfisLmxB9M=, tarball: string-width/download/string-width-1.0.2.tgz}
    engines: {node: '>=0.10.0'}
    dependencies:
      code-point-at: 1.1.0
      is-fullwidth-code-point: 1.0.0
      strip-ansi: 3.0.1
    dev: false

  /string_decoder/1.1.1:
    resolution: {integrity: sha1-nPFhG6YmhdcDCunkujQUnDrwP8g=, tarball: string_decoder/download/string_decoder-1.1.1.tgz}
    dependencies:
      safe-buffer: 5.1.2
    dev: false

  /string_decoder/1.3.0:
    resolution: {integrity: sha1-QvEUWUpGzxqOMLCoT1bHjD7awh4=, tarball: string_decoder/download/string_decoder-1.3.0.tgz}
    dependencies:
      safe-buffer: 5.2.1
    dev: false

  /strip-ansi/3.0.1:
    resolution: {integrity: sha1-ajhfuIU9lS1f8F0Oiq+UJ43GPc8=, tarball: strip-ansi/download/strip-ansi-3.0.1.tgz}
    engines: {node: '>=0.10.0'}
    dependencies:
      ansi-regex: 2.1.1
    dev: false

  /tar-fs/2.1.1:
    resolution: {integrity: sha1-SJoVq4Xx8L76uzcLfeT561y+h4Q=, tarball: tar-fs/download/tar-fs-2.1.1.tgz}
    dependencies:
      chownr: 1.1.4
      mkdirp-classic: 0.5.3
      pump: 3.0.0
      tar-stream: 2.2.0
    dev: false

  /tar-stream/2.2.0:
    resolution: {integrity: sha1-rK2EwoQTawYNw/qmRHSqmuvXcoc=, tarball: tar-stream/download/tar-stream-2.2.0.tgz}
    engines: {node: '>=6'}
    dependencies:
      bl: 4.1.0
      end-of-stream: 1.4.4
      fs-constants: 1.0.0
      inherits: 2.0.4
      readable-stream: 3.6.0
    dev: false

  /tunnel-agent/0.6.0:
    resolution: {integrity: sha1-J6XeoGs2sEoKmWZ3SykIaPD8QP0=, tarball: tunnel-agent/download/tunnel-agent-0.6.0.tgz}
    dependencies:
      safe-buffer: 5.1.2
    dev: false

  /util-deprecate/1.0.2:
    resolution: {integrity: sha1-RQ1Nyfpw3nMnYvvS1KKJgUGaDM8=, tarball: util-deprecate/download/util-deprecate-1.0.2.tgz}
    dev: false

  /wide-align/1.1.3:
    resolution: {integrity: sha1-rgdOa9wMFKQx6ATmJFScYzsABFc=, tarball: wide-align/download/wide-align-1.1.3.tgz}
    dependencies:
      string-width: 1.0.2
    dev: false

  /yallist/4.0.0:
    resolution: {integrity: sha1-m7knkNnA7/7GO+c1GeEaNQGaOnI=, tarball: yallist/download/yallist-4.0.0.tgz}
    dev: false

  /yn/3.1.1:
    resolution: {integrity: sha1-HodAGgnXZ8HV6rJqbkwYUYLS61A=, tarball: yn/download/yn-3.1.1.tgz}
    engines: {node: '>=6'}
    dev: false

  registry.nlark.com/@cspotcode/source-map-consumer/0.8.0:
    resolution: {integrity: sha1-M79LeznBeIIWBvZpu8RHpqYpeGs=, registry: https://registry.npm.taobao.org/, tarball: https://registry.nlark.com/@cspotcode/source-map-consumer/download/@cspotcode/source-map-consumer-0.8.0.tgz}
    name: '@cspotcode/source-map-consumer'
    version: 0.8.0
    engines: {node: '>= 12'}
    dev: false

  registry.nlark.com/@cspotcode/source-map-support/0.6.1:
    resolution: {integrity: sha1-EYUR8xbi6H7kKUdhho4lTT2keWA=, registry: https://registry.npm.taobao.org/, tarball: https://registry.nlark.com/@cspotcode/source-map-support/download/@cspotcode/source-map-support-0.6.1.tgz}
    name: '@cspotcode/source-map-support'
    version: 0.6.1
    engines: {node: '>=12'}
    dependencies:
      '@cspotcode/source-map-consumer': registry.nlark.com/@cspotcode/source-map-consumer/0.8.0
    dev: false

  registry.nlark.com/@tsconfig/node10/1.0.8:
    resolution: {integrity: sha1-weToDW+WT77LM1nEO9SLQPfK2tk=, registry: https://registry.npm.taobao.org/, tarball: https://registry.nlark.com/@tsconfig/node10/download/@tsconfig/node10-1.0.8.tgz}
    name: '@tsconfig/node10'
    version: 1.0.8
    dev: false

  registry.nlark.com/@tsconfig/node12/1.0.9:
    resolution: {integrity: sha1-YsH23uLr2a6tgNw6+laBDljhoEw=, registry: https://registry.npm.taobao.org/, tarball: https://registry.nlark.com/@tsconfig/node12/download/@tsconfig/node12-1.0.9.tgz}
    name: '@tsconfig/node12'
    version: 1.0.9
    dev: false

  registry.nlark.com/@tsconfig/node14/1.0.1:
    resolution: {integrity: sha1-lfLRZ/+5uNIGiwsjUwL6/U33EfI=, registry: https://registry.npm.taobao.org/, tarball: https://registry.nlark.com/@tsconfig/node14/download/@tsconfig/node14-1.0.1.tgz}
    name: '@tsconfig/node14'
    version: 1.0.1
    dev: false

  registry.nlark.com/@tsconfig/node16/1.0.2:
    resolution: {integrity: sha1-Qjx3h30Fadsg4fyAiFrEEYMUAQ4=, registry: https://registry.npm.taobao.org/, tarball: https://registry.nlark.com/@tsconfig/node16/download/@tsconfig/node16-1.0.2.tgz}
    name: '@tsconfig/node16'
    version: 1.0.2
    dev: false

  registry.nlark.com/@types/better-sqlite3/7.4.0:
    resolution: {integrity: sha1-K4jYR0/D91VhfApahkM4glLBCqE=, registry: https://registry.npm.taobao.org/, tarball: https://registry.nlark.com/@types/better-sqlite3/download/@types/better-sqlite3-7.4.0.tgz}
    name: '@types/better-sqlite3'
    version: 7.4.0
    dev: false

  registry.nlark.com/@types/node/16.7.2:
    resolution: {integrity: sha1-BGWjm1RWthoE2YvVVF+LNL40DLc=, registry: https://registry.npm.taobao.org/, tarball: https://registry.nlark.com/@types/node/download/@types/node-16.7.2.tgz}
    name: '@types/node'
    version: 16.7.2
    dev: false

  registry.nlark.com/acorn-walk/8.1.1:
    resolution: {integrity: sha1-Pdq3+E5KfiMT9sQUxbfayF9OPrw=, registry: https://registry.npm.taobao.org/, tarball: https://registry.nlark.com/acorn-walk/download/acorn-walk-8.1.1.tgz?cache=0&sync_timestamp=1624952506261&other_urls=https%3A%2F%2Fregistry.nlark.com%2Facorn-walk%2Fdownload%2Facorn-walk-8.1.1.tgz}
    name: acorn-walk
    version: 8.1.1
    engines: {node: '>=0.4.0'}
    dev: false

  registry.nlark.com/acorn/8.4.1:
    resolution: {integrity: sha1-VsNiUfx8q8cJatwY8Fr+gUMhoow=, registry: https://registry.npm.taobao.org/, tarball: https://registry.nlark.com/acorn/download/acorn-8.4.1.tgz}
    name: acorn
    version: 8.4.1
    engines: {node: '>=0.4.0'}
    hasBin: true
    dev: false

  registry.nlark.com/arg/4.1.3:
    resolution: {integrity: sha1-Jp/HrVuOQstjyJbVZmAXJhwUQIk=, registry: https://registry.npm.taobao.org/, tarball: https://registry.nlark.com/arg/download/arg-4.1.3.tgz}
    name: arg
    version: 4.1.3
    dev: false

  registry.nlark.com/better-sqlite3/7.4.3:
    resolution: {integrity: sha1-jkWkFkv0tOEo2XN1AjVQ94BVCZc=, registry: https://registry.npm.taobao.org/, tarball: https://registry.nlark.com/better-sqlite3/download/better-sqlite3-7.4.3.tgz}
    name: better-sqlite3
    version: 7.4.3
    requiresBuild: true
    dependencies:
      bindings: 1.5.0
      prebuild-install: registry.nlark.com/prebuild-install/6.1.4
      tar: registry.nlark.com/tar/6.1.10
    dev: false

  registry.nlark.com/gauge/2.7.4:
    resolution: {integrity: sha1-LANAXHU4w51+s3sxcCLjJfsBi/c=, registry: https://registry.npm.taobao.org/, tarball: https://registry.nlark.com/gauge/download/gauge-2.7.4.tgz}
    name: gauge
    version: 2.7.4
    dependencies:
      aproba: 1.2.0
      console-control-strings: 1.1.0
      has-unicode: 2.0.1
      object-assign: 4.1.1
      signal-exit: 3.0.3
      string-width: 1.0.2
      strip-ansi: 3.0.1
      wide-align: 1.1.3
    dev: false

  registry.nlark.com/mimic-response/2.1.0:
    resolution: {integrity: sha1-0Tdj019hPQnsN+uzC6wEacDuj0M=, registry: https://registry.npm.taobao.org/, tarball: https://registry.nlark.com/mimic-response/download/mimic-response-2.1.0.tgz}
    name: mimic-response
    version: 2.1.0
    engines: {node: '>=8'}
    dev: false

  registry.nlark.com/node-abi/2.30.0:
    resolution: {integrity: sha1-i+U78+eUWjTuoQ4PyaWYJ3bPVQs=, registry: https://registry.npm.taobao.org/, tarball: https://registry.nlark.com/node-abi/download/node-abi-2.30.0.tgz}
    name: node-abi
    version: 2.30.0
    dependencies:
      semver: 5.7.1
    dev: false

  registry.nlark.com/npmlog/4.1.2:
    resolution: {integrity: sha1-CKfyqL9zRgR3mp76StXMcXq7lUs=, registry: https://registry.npm.taobao.org/, tarball: https://registry.nlark.com/npmlog/download/npmlog-4.1.2.tgz}
    name: npmlog
    version: 4.1.2
    dependencies:
      are-we-there-yet: 1.1.5
      console-control-strings: 1.1.0
      gauge: registry.nlark.com/gauge/2.7.4
      set-blocking: 2.0.0
    dev: false

  registry.nlark.com/prebuild-install/6.1.4:
    resolution: {integrity: sha1-rjwBQq1hHVhXC4mvSYYIikk34A8=, registry: https://registry.npm.taobao.org/, tarball: https://registry.nlark.com/prebuild-install/download/prebuild-install-6.1.4.tgz}
    name: prebuild-install
    version: 6.1.4
    engines: {node: '>=6'}
    hasBin: true
    dependencies:
      detect-libc: 1.0.3
      expand-template: 2.0.3
      github-from-package: 0.0.0
      minimist: 1.2.5
      mkdirp-classic: 0.5.3
      napi-build-utils: 1.0.2
      node-abi: registry.nlark.com/node-abi/2.30.0
      npmlog: registry.nlark.com/npmlog/4.1.2
      pump: 3.0.0
      rc: 1.2.8
      simple-get: 3.1.0
      tar-fs: 2.1.1
      tunnel-agent: 0.6.0
    dev: false

  registry.nlark.com/strip-json-comments/2.0.1:
    resolution: {integrity: sha1-PFMZQukIwml8DsNEhYwobHygpgo=, registry: https://registry.npm.taobao.org/, tarball: https://registry.nlark.com/strip-json-comments/download/strip-json-comments-2.0.1.tgz}
    name: strip-json-comments
    version: 2.0.1
    engines: {node: '>=0.10.0'}
    dev: false

  registry.nlark.com/tar/6.1.10:
    resolution: {integrity: sha1-ijIKdEdfulQ5j6E2zZiDqorREXU=, registry: https://registry.npm.taobao.org/, tarball: https://registry.nlark.com/tar/download/tar-6.1.10.tgz}
    name: tar
    version: 6.1.10
    engines: {node: '>= 10'}
    dependencies:
      chownr: 2.0.0
      fs-minipass: 2.1.0
      minipass: 3.1.3
      minizlib: 2.1.2
      mkdirp: 1.0.4
      yallist: 4.0.0
    dev: false

  registry.nlark.com/ts-node/10.2.1_@types+node@16.7.2:
    resolution: {integrity: sha1-TMk76gp6uiF5SX5luwjd/BmLOrU=, registry: https://registry.npm.taobao.org/, tarball: https://registry.nlark.com/ts-node/download/ts-node-10.2.1.tgz?cache=0&sync_timestamp=1629345137354&other_urls=https%3A%2F%2Fregistry.nlark.com%2Fts-node%2Fdownload%2Fts-node-10.2.1.tgz}
    id: registry.nlark.com/ts-node/10.2.1
    name: ts-node
    version: 10.2.1
    engines: {node: '>=12.0.0'}
    hasBin: true
    peerDependencies:
      '@swc/core': '>=1.2.50'
      '@swc/wasm': '>=1.2.50'
      '@types/node': '*'
      typescript: '>=2.7'
    dependencies:
      '@cspotcode/source-map-support': registry.nlark.com/@cspotcode/source-map-support/0.6.1
      '@tsconfig/node10': registry.nlark.com/@tsconfig/node10/1.0.8
      '@tsconfig/node12': registry.nlark.com/@tsconfig/node12/1.0.9
      '@tsconfig/node14': registry.nlark.com/@tsconfig/node14/1.0.1
      '@tsconfig/node16': registry.nlark.com/@tsconfig/node16/1.0.2
      '@types/node': registry.nlark.com/@types/node/16.7.2
      acorn: registry.nlark.com/acorn/8.4.1
      acorn-walk: registry.nlark.com/acorn-walk/8.1.1
      arg: registry.nlark.com/arg/4.1.3
      create-require: 1.1.1
      diff: 4.0.2
      make-error: 1.3.6
      yn: 3.1.1
    dev: false

  registry.nlark.com/wrappy/1.0.2:
    resolution: {integrity: sha1-tSQ9jz7BqjXxNkYFvA0QNuMKtp8=, registry: https://registry.npm.taobao.org/, tarball: https://registry.nlark.com/wrappy/download/wrappy-1.0.2.tgz}
    name: wrappy
    version: 1.0.2
    dev: false
